
Microsoft Visual Studio Solution File, Format Version 12.00
# Visual Studio Version 17
VisualStudioVersion = 17.3.32825.248
MinimumVisualStudioVersion = 10.0.40219.1
Project("{FAE04EC0-301F-11D3-BF4B-00C04F79EFBC}") = "BooksDB", "BooksDB\BooksDB.csproj", "{F4F95B19-BB32-45D3-89CA-A0AF19622789}"
EndProject
Project("{FAE04EC0-301F-11D3-BF4B-00C04F79EFBC}") = "BookDAL", "BookDAL\BookDAL.csproj", "{BD189486-DB1C-4332-AD61-3BAD1159EFE3}"
EndProject
Global
	GlobalSection(SolutionConfigurationPlatforms) = preSolution
		Debug|Any CPU = Debug|Any CPU
		Release|Any CPU = Release|Any CPU
	EndGlobalSection
	GlobalSection(ProjectConfigurationPlatforms) = postSolution
		{F4F95B19-BB32-45D3-89CA-A0AF19622789}.Debug|Any CPU.ActiveCfg = Debug|Any CPU
		{F4F95B19-BB32-45D3-89CA-A0AF19622789}.Debug|Any CPU.Build.0 = Debug|Any CPU
		{F4F95B19-BB32-45D3-89CA-A0AF19622789}.Release|Any CPU.ActiveCfg = Release|Any CPU
		{F4F95B19-BB32-45D3-89CA-A0AF19622789}.Release|Any CPU.Build.0 = Release|Any CPU
		{BD189486-DB1C-4332-AD61-3BAD1159EFE3}.Debug|Any CPU.ActiveCfg = Debug|Any CPU
		{BD189486-DB1C-4332-AD61-3BAD1159EFE3}.Debug|Any CPU.Build.0 = Debug|Any CPU
		{BD189486-DB1C-4332-AD61-3BAD1159EFE3}.Release|Any CPU.ActiveCfg = Release|Any CPU
		{BD189486-DB1C-4332-AD61-3BAD1159EFE3}.Release|Any CPU.Build.0 = Release|Any CPU
	EndGlobalSection
	GlobalSection(SolutionProperties) = preSolution
		HideSolutionNode = FALSE
	EndGlobalSection
	GlobalSection(ExtensibilityGlobals) = postSolution
		SolutionGuid = {2ED13FDA-0863-4F04-A885-0C14E96A98CE}
	EndGlobalSection
EndGlobal
